// !$*UTF8*$!
{
	archiveVersion = 1;
	classes = {
	};
	objectVersion = 50;
	objects = {

/* Begin PBXFileReference section */
		13611B6B217BAE3300F0772A /* Sentiments_cwsehn-cs50-2017-x-pset6 */ = {isa = PBXFileReference; lastKnownFileType = folder; path = "Sentiments_cwsehn-cs50-2017-x-pset6"; sourceTree = "<group>"; };
/* End PBXFileReference section */

/* Begin PBXGroup section */
		13611B64217BAE1800F0772A = {
			isa = PBXGroup;
			children = (
				13611B6B217BAE3300F0772A /* Sentiments_cwsehn-cs50-2017-x-pset6 */,
			);
			sourceTree = "<group>";
		};
/* End PBXGroup section */

/* Begin PBXProject section */
		13611B65217BAE1800F0772A /* Project object */ = {
			isa = PBXProject;
			attributes = {
				LastUpgradeCheck = 1000;
			};
			buildConfigurationList = 13611B68217BAE1800F0772A /* Build configuration list for PBXProject "Sentiments_CS50" */;
			compatibilityVersion = "Xcode 9.3";
			developmentRegion = en;
			hasScannedForEncodings = 0;
			knownRegions = (
				en,
			);
			mainGroup = 13611B64217BAE1800F0772A;
			projectDirPath = "";
			projectRoot = "";
			targets = (
			);
		};
/* End PBXProject section */

/* Begin XCBuildConfiguration section */
		13611B69217BAE1800F0772A /* Debug */ = {
			isa = XCBuildConfiguration;
			buildSettings = {
			};
			name = Debug;
		};
		13611B6A217BAE1800F0772A /* Release */ = {
			isa = XCBuildConfiguration;
			buildSettings = {
			};
			name = Release;
		};
/* End XCBuildConfiguration section */

/* Begin XCConfigurationList section */
		13611B68217BAE1800F0772A /* Build configuration list for PBXProject "Sentiments_CS50" */ = {
			isa = XCConfigurationList;
			buildConfigurations = (
				13611B69217BAE1800F0772A /* Debug */,
				13611B6A217BAE1800F0772A /* Release */,
			);
			defaultConfigurationIsVisible = 0;
			defaultConfigurationName = Release;
		};
/* End XCConfigurationList section */
	};
	rootObject = 13611B65217BAE1800F0772A /* Project object */;
}
